
Microsoft Visual Studio Solution File, Format Version 12.00
# Visual Studio Version 17
VisualStudioVersion = 17.10.34928.147
MinimumVisualStudioVersion = 10.0.40219.1
Project("{FAE04EC0-301F-11D3-BF4B-00C04F79EFBC}") = "DemoApi", "DemoApi.csproj", "{2F993534-8B52-478B-B078-5A2B968B7FA7}"
EndProject
Global
	GlobalSection(SolutionConfigurationPlatforms) = preSolution
		Debug|Any CPU = Debug|Any CPU
		Release|Any CPU = Release|Any CPU
	EndGlobalSection
	GlobalSection(ProjectConfigurationPlatforms) = postSolution
		{2F993534-8B52-478B-B078-5A2B968B7FA7}.Debug|Any CPU.ActiveCfg = Debug|Any CPU
		{2F993534-8B52-478B-B078-5A2B968B7FA7}.Debug|Any CPU.Build.0 = Debug|Any CPU
		{2F993534-8B52-478B-B078-5A2B968B7FA7}.Release|Any CPU.ActiveCfg = Release|Any CPU
		{2F993534-8B52-478B-B078-5A2B968B7FA7}.Release|Any CPU.Build.0 = Release|Any CPU
	EndGlobalSection
	GlobalSection(SolutionProperties) = preSolution
		HideSolutionNode = FALSE
	EndGlobalSection
	GlobalSection(ExtensibilityGlobals) = postSolution
		SolutionGuid = {B53B42B2-852B-4274-853D-79C1E710E304}
	EndGlobalSection
EndGlobal
